
Microsoft Visual Studio Solution File, Format Version 12.00
# Visual Studio Version 16
VisualStudioVersion = 16.0.29728.190
MinimumVisualStudioVersion = 10.0.40219.1
Project("{9A19103F-16F7-4668-BE54-9A1E7A4F7556}") = "Tennis", "Tennis\Tennis.csproj", "{46975E8D-1A05-4FEA-B94E-05AAF9479C74}"
EndProject
Project("{9A19103F-16F7-4668-BE54-9A1E7A4F7556}") = "TennisTests", "TennisTests\TennisTests.csproj", "{FC8BF6CF-F66D-4174-817F-167EC82C322E}"
EndProject
Global
	GlobalSection(SolutionConfigurationPlatforms) = preSolution
		Debug|Any CPU = Debug|Any CPU
		Release|Any CPU = Release|Any CPU
	EndGlobalSection
	GlobalSection(ProjectConfigurationPlatforms) = postSolution
		{46975E8D-1A05-4FEA-B94E-05AAF9479C74}.Debug|Any CPU.ActiveCfg = Debug|Any CPU
		{46975E8D-1A05-4FEA-B94E-05AAF9479C74}.Debug|Any CPU.Build.0 = Debug|Any CPU
		{46975E8D-1A05-4FEA-B94E-05AAF9479C74}.Release|Any CPU.ActiveCfg = Release|Any CPU
		{46975E8D-1A05-4FEA-B94E-05AAF9479C74}.Release|Any CPU.Build.0 = Release|Any CPU
		{FC8BF6CF-F66D-4174-817F-167EC82C322E}.Debug|Any CPU.ActiveCfg = Debug|Any CPU
		{FC8BF6CF-F66D-4174-817F-167EC82C322E}.Debug|Any CPU.Build.0 = Debug|Any CPU
		{FC8BF6CF-F66D-4174-817F-167EC82C322E}.Release|Any CPU.ActiveCfg = Release|Any CPU
		{FC8BF6CF-F66D-4174-817F-167EC82C322E}.Release|Any CPU.Build.0 = Release|Any CPU
	EndGlobalSection
	GlobalSection(SolutionProperties) = preSolution
		HideSolutionNode = FALSE
	EndGlobalSection
	GlobalSection(ExtensibilityGlobals) = postSolution
		SolutionGuid = {05925663-DBDD-4E56-B208-A22B618DE29A}
	EndGlobalSection
EndGlobal
